{
    "_readme": [
        "This file locks the dependencies of your project to a known state",
        "Read more about it at https://getcomposer.org/doc/01-basic-usage.md#composer-lock-the-lock-file",
        "This file is @generated automatically"
    ],
    "hash": "6afb781dca98fdf70072886a7283985d",
    "content-hash": "08538d2dfbc303efab52fe241764d8be",
    "packages": [
        {
            "name": "houdunwang/wechat",
            "version": "v1.0.4",
            "source": {
                "type": "git",
                "url": "https://github.com/houdunwang/wechat.git",
                "reference": "bf4d6ee9fef2dc0e0677ed703c19ffe132c0dac0"
            },
            "dist": {
                "type": "zip",
                "url": "https://api.github.com/repos/houdunwang/wechat/zipball/bf4d6ee9fef2dc0e0677ed703c19ffe132c0dac0",
                "reference": "bf4d6ee9fef2dc0e0677ed703c19ffe132c0dac0",
                "shasum": ""
            },
            "type": "project",
            "autoload": {
                "psr-4": {
                    "wechat\\": "src"
                }
            },
            "notification-url": "https://packagist.org/downloads/",
            "license": [
                "MIT"
            ],
            "authors": [
                {
                    "name": "houdunwang",
                    "email": "2300071698@qq.com"
                }
            ],
            "description": "wechat framework",
            "time": "2016-11-13 16:08:39"
        }
    ],
    "packages-dev": [],
    "aliases": [],
    "minimum-stability": "dev",
    "stability-flags": [],
    "prefer-stable": false,
    "prefer-lowest": false,
    "platform": {
        "php": ">=5.3.0"
    },
    "platform-dev": []
}
