{
    "_readme": [
        "This file locks the dependencies of your project to a known state",
        "Read more about it at https://getcomposer.org/doc/01-basic-usage.md#composer-lock-the-lock-file",
        "This file is @generated automatically"
    ],
    "hash": "393e555cda4de6b8fc788899a929362c",
    "content-hash": "e52d130d787dbf30deaa60eb85fa2ebf",
    "packages": [
        {
            "name": "houdunwang/framework",
            "version": "v3.0.17",
            "source": {
                "type": "git",
                "url": "https://github.com/houdunwang/framework.git",
                "reference": "343b2410743d4efae600b9e953884c8062a9767a"
            },
            "dist": {
                "type": "zip",
                "url": "https://api.github.com/repos/houdunwang/framework/zipball/343b2410743d4efae600b9e953884c8062a9767a",
                "reference": "343b2410743d4efae600b9e953884c8062a9767a",
                "shasum": ""
            },
            "type": "project",
            "autoload": {
                "files": [
                    "src/kernel/helper.php"
                ],
                "psr-4": {
                    "hdphp\\": "src/"
                }
            },
            "notification-url": "https://packagist.org/downloads/",
            "license": [
                "MIT"
            ],
            "authors": [
                {
                    "name": "houdunwang",
                    "email": "2300071698@qq.com"
                }
            ],
            "description": "Hdphp Framework (Kernel)",
            "time": "2016-10-30 06:15:18"
        }
    ],
    "packages-dev": [],
    "aliases": [],
    "minimum-stability": "stable",
    "stability-flags": [],
    "prefer-stable": false,
    "prefer-lowest": false,
    "platform": {
        "php": ">=5.4.0"
    },
    "platform-dev": []
}
