{
    "_readme": [
        "This file locks the dependencies of your project to a known state",
        "Read more about it at https://getcomposer.org/doc/01-basic-usage.md#composer-lock-the-lock-file",
        "This file is @generated automatically"
    ],
    "hash": "c622411af3c5cb7ce6e2c5e8c55cfdd3",
    "content-hash": "e52d130d787dbf30deaa60eb85fa2ebf",
    "packages": [
        {
            "name": "houdunwang/framework",
            "version": "v3.0.19",
            "source": {
                "type": "git",
                "url": "https://github.com/houdunwang/framework.git",
                "reference": "f755595949556585c8a7bf98900c07e3002b19f6"
            },
            "dist": {
                "type": "zip",
                "url": "https://api.github.com/repos/houdunwang/framework/zipball/f755595949556585c8a7bf98900c07e3002b19f6",
                "reference": "f755595949556585c8a7bf98900c07e3002b19f6",
                "shasum": ""
            },
            "type": "project",
            "autoload": {
                "files": [
                    "src/kernel/helper.php"
                ],
                "psr-4": {
                    "hdphp\\": "src/"
                }
            },
            "notification-url": "https://packagist.org/downloads/",
            "license": [
                "MIT"
            ],
            "authors": [
                {
                    "name": "houdunwang",
                    "email": "2300071698@qq.com"
                }
            ],
            "description": "Hdphp Framework (Kernel)",
            "time": "2016-11-11 18:45:58"
        }
    ],
    "packages-dev": [],
    "aliases": [],
    "minimum-stability": "stable",
    "stability-flags": [],
    "prefer-stable": false,
    "prefer-lowest": false,
    "platform": {
        "php": ">=5.4.0"
    },
    "platform-dev": []
}
