{
    "_readme": [
        "This file locks the dependencies of your project to a known state",
        "Read more about it at https://getcomposer.org/doc/01-basic-usage.md#composer-lock-the-lock-file",
        "This file is @generated automatically"
    ],
    "content-hash": "333e931836c4ee02b4de0521319933f4",
    "packages": [
        {
            "name": "houdunwang/arr",
            "version": "v1.0.13",
            "source": {
                "type": "git",
                "url": "https://github.com/houdunwang/arr.git",
                "reference": "ccb6a18aff0188af7fa6b6cc1703096e69ae401b"
            },
            "dist": {
                "type": "zip",
                "url": "https://files.phpcomposer.com/files/houdunwang/arr/ccb6a18aff0188af7fa6b6cc1703096e69ae401b.zip",
                "reference": "ccb6a18aff0188af7fa6b6cc1703096e69ae401b",
                "shasum": ""
            },
            "require": {
                "php": ">=5.4.0"
            },
            "type": "project",
            "autoload": {
                "files": [],
                "psr-4": {
                    "houdunwang\\arr\\": "src"
                }
            },
            "notification-url": "https://packagist.org/downloads/",
            "license": [
                "MIT"
            ],
            "authors": [
                {
                    "name": "后盾网向军",
                    "email": "2300071698@qq.com"
                }
            ],
            "description": "数组增强组件主要是对数组等数据进行处理，如无限级分类操作、商品规格的迪卡尔乘积运算等",
            "homepage": "http://www.houdunwang.com/",
            "keywords": [
                "array",
                "hdphp",
                "houdunwang",
                "后盾人",
                "后盾网",
                "向军老师"
            ],
            "time": "2017-02-22T13:00:09+00:00"
        },
        {
            "name": "houdunwang/crypt",
            "version": "v1.0.11",
            "source": {
                "type": "git",
                "url": "https://github.com/houdunwang/crypt.git",
                "reference": "336dc58f8af1c52946d5d9afefc4f9f92fe0e6d1"
            },
            "dist": {
                "type": "zip",
                "url": "https://files.phpcomposer.com/files/houdunwang/crypt/336dc58f8af1c52946d5d9afefc4f9f92fe0e6d1.zip",
                "reference": "336dc58f8af1c52946d5d9afefc4f9f92fe0e6d1",
                "shasum": ""
            },
            "require": {
                "php": ">=5.4.0"
            },
            "type": "project",
            "autoload": {
                "files": [
                    "src/helper.php"
                ],
                "psr-4": {
                    "houdunwang\\crypt\\": "src"
                }
            },
            "notification-url": "https://packagist.org/downloads/",
            "license": [
                "MIT"
            ],
            "authors": [
                {
                    "name": "后盾网向军",
                    "email": "2300071698@qq.com"
                }
            ],
            "description": "crypt加密组件包提供功能强大的加密功能",
            "homepage": "http://www.houdunwang.com/",
            "keywords": [
                "hdphp",
                "houdunwang",
                "mcrypt",
                "加密解密",
                "后盾人",
                "后盾网",
                "向军老师"
            ],
            "time": "2017-03-28T02:18:07+00:00"
        },
        {
            "name": "topthink/framework",
            "version": "v5.0.7",
            "source": {
                "type": "git",
                "url": "https://github.com/top-think/framework.git",
                "reference": "bcf64f19f4fadbff6c8503891689ff7e6f2fe9a3"
            },
            "dist": {
                "type": "zip",
                "url": "https://files.phpcomposer.com/files/top-think/framework/bcf64f19f4fadbff6c8503891689ff7e6f2fe9a3.zip",
                "reference": "bcf64f19f4fadbff6c8503891689ff7e6f2fe9a3",
                "shasum": ""
            },
            "require": {
                "php": ">=5.4.0",
                "topthink/think-installer": "~1.0"
            },
            "require-dev": {
                "johnkary/phpunit-speedtrap": "^1.0",
                "mikey179/vfsstream": "~1.6",
                "phpdocumentor/reflection-docblock": "^2.0",
                "phploc/phploc": "2.*",
                "phpunit/phpunit": "4.8.*",
                "sebastian/phpcpd": "2.*"
            },
            "type": "think-framework",
            "autoload": {
                "psr-4": {
                    "think\\": "library/think"
                }
            },
            "notification-url": "https://packagist.org/downloads/",
            "license": [
                "Apache-2.0"
            ],
            "authors": [
                {
                    "name": "liu21st",
                    "email": "liu21st@gmail.com"
                }
            ],
            "description": "the new thinkphp framework",
            "homepage": "http://thinkphp.cn/",
            "keywords": [
                "framework",
                "orm",
                "thinkphp"
            ],
            "time": "2017-02-25T02:51:57+00:00"
        },
        {
            "name": "topthink/think-captcha",
            "version": "v1.0.7",
            "source": {
                "type": "git",
                "url": "https://github.com/top-think/think-captcha.git",
                "reference": "0c55455df26a1626a60d0dc35d2d89002b741d44"
            },
            "dist": {
                "type": "zip",
                "url": "https://files.phpcomposer.com/files/top-think/think-captcha/0c55455df26a1626a60d0dc35d2d89002b741d44.zip",
                "reference": "0c55455df26a1626a60d0dc35d2d89002b741d44",
                "shasum": ""
            },
            "type": "library",
            "autoload": {
                "psr-4": {
                    "think\\captcha\\": "src/"
                },
                "files": [
                    "src/helper.php"
                ]
            },
            "notification-url": "https://packagist.org/downloads/",
            "license": [
                "Apache-2.0"
            ],
            "authors": [
                {
                    "name": "yunwuxin",
                    "email": "448901948@qq.com"
                }
            ],
            "description": "captcha package for thinkphp5",
            "time": "2016-07-06T01:47:11+00:00"
        },
        {
            "name": "topthink/think-installer",
            "version": "v1.0.11",
            "source": {
                "type": "git",
                "url": "https://github.com/top-think/think-installer.git",
                "reference": "4c6e1ebecd1afce3f4ccc47e147d61bbe1bf641d"
            },
            "dist": {
                "type": "zip",
                "url": "https://files.phpcomposer.com/files/top-think/think-installer/4c6e1ebecd1afce3f4ccc47e147d61bbe1bf641d.zip",
                "reference": "4c6e1ebecd1afce3f4ccc47e147d61bbe1bf641d",
                "shasum": ""
            },
            "require": {
                "composer-plugin-api": "^1.0"
            },
            "require-dev": {
                "composer/composer": "1.0.*@dev"
            },
            "type": "composer-plugin",
            "extra": {
                "class": "think\\composer\\Plugin"
            },
            "autoload": {
                "psr-4": {
                    "think\\composer\\": "src"
                }
            },
            "notification-url": "https://packagist.org/downloads/",
            "license": [
                "Apache-2.0"
            ],
            "authors": [
                {
                    "name": "yunwuxin",
                    "email": "448901948@qq.com"
                }
            ],
            "time": "2016-12-01T09:08:45+00:00"
        }
    ],
    "packages-dev": [],
    "aliases": [],
    "minimum-stability": "stable",
    "stability-flags": [],
    "prefer-stable": false,
    "prefer-lowest": false,
    "platform": {
        "php": ">=5.4.0"
    },
    "platform-dev": []
}
